dependencies:
- name: cloudnative-pg
  repository: https://cloudnative-pg.github.io/charts
  version: 0.26.0
- name: vespa
  repository: https://onyx-dot-app.github.io/vespa-helm-charts
  version: 0.2.24
- name: nginx
  repository: oci://registry-1.docker.io/bitnamicharts
  version: 15.14.0
- name: redis
  repository: https://ot-container-kit.github.io/helm-charts
  version: 0.16.6
- name: minio
  repository: oci://registry-1.docker.io/bitnamicharts
  version: 17.0.4
digest: sha256:aa3456d2410437fd93c21c5d836b2809cba5fc199736e56ef321bc371608a30e
generated: "2025-10-02T15:18:26.4418-07:00"
